<?xml version="1.0" encoding="utf-8"?>
<Project ToolsVersion="4.0" xmlns="http://schemas.microsoft.com/developer/msbuild/2003">
  <ItemGroup>
    <Filter Include="Source Files"><UniqueIdentifier>{14D196D9-A0B7-4CE5-932E-C4DA6E71E814}</UniqueIdentifier></Filter>
    <Filter Include="Header Files"><UniqueIdentifier>{A7E570FA-0D56-4E8B-8D45-A49036D69B16}</UniqueIdentifier></Filter>
  </ItemGroup>
  <ItemGroup>
    <ClCompile Include="src\AgentController.cpp"><Filter>Source Files</Filter></ClCompile>
    <ClCompile Include="src\AgentHistoryDatabase.cpp"><Filter>Source Files</Filter></ClCompile>
    <ClCompile Include="src\AppSettings.cpp"><Filter>Source Files</Filter></ClCompile>
    <ClCompile Include="src\FactorioTools.cpp"><Filter>Source Files</Filter></ClCompile>
    <ClCompile Include="src\LlamaClient.cpp"><Filter>Source Files</Filter></ClCompile>
    <ClCompile Include="src\Main.cpp"><Filter>Source Files</Filter></ClCompile>
    <ClCompile Include="src\MainFrame.cpp"><Filter>Source Files</Filter></ClCompile>
    <ClCompile Include="src\RconClient.cpp"><Filter>Source Files</Filter></ClCompile>
    <ClCompile Include="src\WebControlServer.cpp"><Filter>Source Files</Filter></ClCompile>
  </ItemGroup>
  <ItemGroup>
    <ClInclude Include="include\FactorIA\AgentController.h"><Filter>Header Files</Filter></ClInclude>
    <ClInclude Include="include\FactorIA\AgentHistoryDatabase.h"><Filter>Header Files</Filter></ClInclude>
    <ClInclude Include="include\FactorIA\AppSettings.h"><Filter>Header Files</Filter></ClInclude>
    <ClInclude Include="include\FactorIA\FactorioTools.h"><Filter>Header Files</Filter></ClInclude>
    <ClInclude Include="include\FactorIA\LlamaClient.h"><Filter>Header Files</Filter></ClInclude>
    <ClInclude Include="include\FactorIA\RconClient.h"><Filter>Header Files</Filter></ClInclude>
    <ClInclude Include="include\FactorIA\WebControlServer.h"><Filter>Header Files</Filter></ClInclude>
    <ClInclude Include="src\MainFrame.h"><Filter>Header Files</Filter></ClInclude>
  </ItemGroup>
</Project>
